PODS:
  - Alamofire (3.5.1)
  - OHHTTPStubs (5.2.3):
    - OHHTTPStubs/Default (= 5.2.3)
  - OHHTTPStubs/Core (5.2.3)
  - OHHTTPStubs/Default (5.2.3):
    - OHHTTPStubs/Core
    - OHHTTPStubs/JSON
    - OHHTTPStubs/NSURLSession
    - OHHTTPStubs/OHPathHelpers
  - OHHTTPStubs/JSON (5.2.3):
    - OHHTTPStubs/Core
  - OHHTTPStubs/NSURLSession (5.2.3):
    - OHHTTPStubs/Core
  - OHHTTPStubs/OHPathHelpers (5.2.3)
  - OHHTTPStubs/Swift (5.2.3):
    - OHHTTPStubs/Core
  - RxBlocking (2.6.1):
    - RxSwift (~> 2.6)
  - RxCocoa (2.6.1):
    - RxSwift (~> 2.6)
  - RxSwift (2.6.1)

DEPENDENCIES:
  - Alamofire (~> 3.5.1)
  - OHHTTPStubs
  - OHHTTPStubs/Swift
  - RxBlocking
  - RxCocoa (~> 2.6.1)
  - RxSwift (~> 2.6.1)

SPEC CHECKSUMS:
  Alamofire: 0dfba1184a543e2aa160f4e39cac4e8aba48d223
  OHHTTPStubs: e238cd5b66d8efa51c861db45895de8fe079f4a7
  RxBlocking: ff9f5a592b813dd9e3bacd1bf82f72dc00f60ad8
  RxCocoa: 3bb2820fd2a1ba48a70d38926bec0803838ae802
  RxSwift: 0147fbf94e65c6085da9540de92848189ac1c3f6

PODFILE CHECKSUM: 239f3ccf5799a5bd7dd7ca9dcb5174932cac8bec

COCOAPODS: 1.2.0
